// !$*UTF8*$!
{
	archiveVersion = 1;
	classes = {
	};
	objectVersion = 46;
	objects = {

/* Begin PBXBuildFile section */
		943473AC1D069D0700A6998C /* AppDelegate.swift in Sources */ = {isa = PBXBuildFile; fileRef = 943473AB1D069D0700A6998C /* AppDelegate.swift */; };
		943473AE1D069D0700A6998C /* ViewController.swift in Sources */ = {isa = PBXBuildFile; fileRef = 943473AD1D069D0700A6998C /* ViewController.swift */; };
		943473B11D069D0700A6998C /* Main.storyboard in Resources */ = {isa = PBXBuildFile; fileRef = 943473AF1D069D0700A6998C /* Main.storyboard */; };
		943473B31D069D0700A6998C /* Assets.xcassets in Resources */ = {isa = PBXBuildFile; fileRef = 943473B21D069D0700A6998C /* Assets.xcassets */; };
		943473B61D069D0700A6998C /* LaunchScreen.storyboard in Resources */ = {isa = PBXBuildFile; fileRef = 943473B41D069D0700A6998C /* LaunchScreen.storyboard */; };
/* End PBXBuildFile section */

/* Begin PBXFileReference section */
		943473A81D069D0700A6998C /* iCamera.app */ = {isa = PBXFileReference; explicitFileType = wrapper.application; includeInIndex = 0; path = iCamera.app; sourceTree = BUILT_PRODUCTS_DIR; };
		943473AB1D069D0700A6998C /* AppDelegate.swift */ = {isa = PBXFileReference; lastKnownFileType = sourcecode.swift; path = AppDelegate.swift; sourceTree = "<group>"; };
		943473AD1D069D0700A6998C /* ViewController.swift */ = {isa = PBXFileReference; lastKnownFileType = sourcecode.swift; path = ViewController.swift; sourceTree = "<group>"; };
		943473B01D069D0700A6998C /* Base */ = {isa = PBXFileReference; lastKnownFileType = file.storyboard; name = Base; path = Base.lproj/Main.storyboard; sourceTree = "<group>"; };
		943473B21D069D0700A6998C /* Assets.xcassets */ = {isa = PBXFileReference; lastKnownFileType = folder.assetcatalog; path = Assets.xcassets; sourceTree = "<group>"; };
		943473B51D069D0700A6998C /* Base */ = {isa = PBXFileReference; lastKnownFileType = file.storyboard; name = Base; path = Base.lproj/LaunchScreen.storyboard; sourceTree = "<group>"; };
		943473B71D069D0700A6998C /* Info.plist */ = {isa = PBXFileReference; lastKnownFileType = text.plist.xml; path = Info.plist; sourceTree = "<group>"; };
/* End PBXFileReference section */

/* Begin PBXFrameworksBuildPhase section */
		943473A51D069D0700A6998C /* Frameworks */ = {
			isa = PBXFrameworksBuildPhase;
			buildActionMask = 2147483647;
			files = (
			);
			runOnlyForDeploymentPostprocessing = 0;
		};
/* End PBXFrameworksBuildPhase section */

/* Begin PBXGroup section */
		9434739F1D069D0700A6998C = {
			isa = PBXGroup;
			children = (
				943473AA1D069D0700A6998C /* iCamera */,
				943473A91D069D0700A6998C /* Products */,
			);
			sourceTree = "<group>";
		};
		943473A91D069D0700A6998C /* Products */ = {
			isa = PBXGroup;
			children = (
				943473A81D069D0700A6998C /* iCamera.app */,
			);
			name = Products;
			sourceTree = "<group>";
		};
		943473AA1D069D0700A6998C /* iCamera */ = {
			isa = PBXGroup;
			children = (
				943473AB1D069D0700A6998C /* AppDelegate.swift */,
				943473AD1D069D0700A6998C /* ViewController.swift */,
				943473AF1D069D0700A6998C /* Main.storyboard */,
				943473B21D069D0700A6998C /* Assets.xcassets */,
				943473B41D069D0700A6998C /* LaunchScreen.storyboard */,
				943473B71D069D0700A6998C /* Info.plist */,
			);
			path = iCamera;
			sourceTree = "<group>";
		};
/* End PBXGroup section */

/* Begin PBXNativeTarget section */
		943473A71D069D0700A6998C /* iCamera */ = {
			isa = PBXNativeTarget;
			buildConfigurationList = 943473BA1D069D0700A6998C /* Build configuration list for PBXNativeTarget "iCamera" */;
			buildPhases = (
				943473A41D069D0700A6998C /* Sources */,
				943473A51D069D0700A6998C /* Frameworks */,
				943473A61D069D0700A6998C /* Resources */,
			);
			buildRules = (
			);
			dependencies = (
			);
			name = iCamera;
			productName = iCamera;
			productReference = 943473A81D069D0700A6998C /* iCamera.app */;
			productType = "com.apple.product-type.application";
		};
/* End PBXNativeTarget section */

/* Begin PBXProject section */
		943473A01D069D0700A6998C /* Project object */ = {
			isa = PBXProject;
			attributes = {
				LastSwiftUpdateCheck = 0730;
				LastUpgradeCheck = 0730;
				ORGANIZATIONNAME = "David Hernández";
				TargetAttributes = {
					943473A71D069D0700A6998C = {
						CreatedOnToolsVersion = 7.3.1;
					};
				};
			};
			buildConfigurationList = 943473A31D069D0700A6998C /* Build configuration list for PBXProject "iCamera" */;
			compatibilityVersion = "Xcode 3.2";
			developmentRegion = English;
			hasScannedForEncodings = 0;
			knownRegions = (
				en,
				Base,
			);
			mainGroup = 9434739F1D069D0700A6998C;
			productRefGroup = 943473A91D069D0700A6998C /* Products */;
			projectDirPath = "";
			projectRoot = "";
			targets = (
				943473A71D069D0700A6998C /* iCamera */,
			);
		};
/* End PBXProject section */

/* Begin PBXResourcesBuildPhase section */
		943473A61D069D0700A6998C /* Resources */ = {
			isa = PBXResourcesBuildPhase;
			buildActionMask = 2147483647;
			files = (
				943473B61D069D0700A6998C /* LaunchScreen.storyboard in Resources */,
				943473B31D069D0700A6998C /* Assets.xcassets in Resources */,
				943473B11D069D0700A6998C /* Main.storyboard in Resources */,
			);
			runOnlyForDeploymentPostprocessing = 0;
		};
/* End PBXResourcesBuildPhase section */

/* Begin PBXSourcesBuildPhase section */
		943473A41D069D0700A6998C /* Sources */ = {
			isa = PBXSourcesBuildPhase;
			buildActionMask = 2147483647;
			files = (
				943473AE1D069D0700A6998C /* ViewController.swift in Sources */,
				943473AC1D069D0700A6998C /* AppDelegate.swift in Sources */,
			);
			runOnlyForDeploymentPostprocessing = 0;
		};
/* End PBXSourcesBuildPhase section */

/* Begin PBXVariantGroup section */
		943473AF1D069D0700A6998C /* Main.storyboard */ = {
			isa = PBXVariantGroup;
			children = (
				943473B01D069D0700A6998C /* Base */,
			);
			name = Main.storyboard;
			sourceTree = "<group>";
		};
		943473B41D069D0700A6998C /* LaunchScreen.storyboard */ = {
			isa = PBXVariantGroup;
			children = (
				943473B51D069D0700A6998C /* Base */,
			);
			name = LaunchScreen.storyboard;
			sourceTree = "<group>";
		};
/* End PBXVariantGroup section */

/* Begin XCBuildConfiguration section */
		943473B81D069D0700A6998C /* Debug */ = {
			isa = XCBuildConfiguration;
			buildSettings = {
				ALWAYS_SEARCH_USER_PATHS = NO;
				CLANG_ANALYZER_NONNULL = YES;
				CLANG_CXX_LANGUAGE_STANDARD = "gnu++0x";
				CLANG_CXX_LIBRARY = "libc++";
				CLANG_ENABLE_MODULES = YES;
				CLANG_ENABLE_OBJC_ARC = YES;
				CLANG_WARN_BOOL_CONVERSION = YES;
				CLANG_WARN_CONSTANT_CONVERSION = YES;
				CLANG_WARN_DIRECT_OBJC_ISA_USAGE = YES_ERROR;
				CLANG_WARN_EMPTY_BODY = YES;
				CLANG_WARN_ENUM_CONVERSION = YES;
				CLANG_WARN_INT_CONVERSION = YES;
				CLANG_WARN_OBJC_ROOT_CLASS = YES_ERROR;
				CLANG_WARN_UNREACHABLE_CODE = YES;
				CLANG_WARN__DUPLICATE_METHOD_MATCH = YES;
				"CODE_SIGN_IDENTITY[sdk=iphoneos*]" = "iPhone Developer";
				COPY_PHASE_STRIP = NO;
				DEBUG_INFORMATION_FORMAT = dwarf;
				ENABLE_STRICT_OBJC_MSGSEND = YES;
				ENABLE_TESTABILITY = YES;
				GCC_C_LANGUAGE_STANDARD = gnu99;
				GCC_DYNAMIC_NO_PIC = NO;
				GCC_NO_COMMON_BLOCKS = YES;
				GCC_OPTIMIZATION_LEVEL = 0;
				GCC_PREPROCESSOR_DEFINITIONS = (
					"DEBUG=1",
					"$(inherited)",
				);
				GCC_WARN_64_TO_32_BIT_CONVERSION = YES;
				GCC_WARN_ABOUT_RETURN_TYPE = YES_ERROR;
				GCC_WARN_UNDECLARED_SELECTOR = YES;
				GCC_WARN_UNINITIALIZED_AUTOS = YES_AGGRESSIVE;
				GCC_WARN_UNUSED_FUNCTION = YES;
				GCC_WARN_UNUSED_VARIABLE = YES;
				IPHONEOS_DEPLOYMENT_TARGET = 9.3;
				MTL_ENABLE_DEBUG_INFO = YES;
				ONLY_ACTIVE_ARCH = YES;
				SDKROOT = iphoneos;
				SWIFT_OPTIMIZATION_LEVEL = "-Onone";
			};
			name = Debug;
		};
		943473B91D069D0700A6998C /* Release */ = {
			isa = XCBuildConfiguration;
			buildSettings = {
				ALWAYS_SEARCH_USER_PATHS = NO;
				CLANG_ANALYZER_NONNULL = YES;
				CLANG_CXX_LANGUAGE_STANDARD = "gnu++0x";
				CLANG_CXX_LIBRARY = "libc++";
				CLANG_ENABLE_MODULES = YES;
				CLANG_ENABLE_OBJC_ARC = YES;
				CLANG_WARN_BOOL_CONVERSION = YES;
				CLANG_WARN_CONSTANT_CONVERSION = YES;
				CLANG_WARN_DIRECT_OBJC_ISA_USAGE = YES_ERROR;
				CLANG_WARN_EMPTY_BODY = YES;
				CLANG_WARN_ENUM_CONVERSION = YES;
				CLANG_WARN_INT_CONVERSION = YES;
				CLANG_WARN_OBJC_ROOT_CLASS = YES_ERROR;
				CLANG_WARN_UNREACHABLE_CODE = YES;
				CLANG_WARN__DUPLICATE_METHOD_MATCH = YES;
				"CODE_SIGN_IDENTITY[sdk=iphoneos*]" = "iPhone Developer";
				COPY_PHASE_STRIP = NO;
				DEBUG_INFORMATION_FORMAT = "dwarf-with-dsym";
				ENABLE_NS_ASSERTIONS = NO;
				ENABLE_STRICT_OBJC_MSGSEND = YES;
				GCC_C_LANGUAGE_STANDARD = gnu99;
				GCC_NO_COMMON_BLOCKS = YES;
				GCC_WARN_64_TO_32_BIT_CONVERSION = YES;
				GCC_WARN_ABOUT_RETURN_TYPE = YES_ERROR;
				GCC_WARN_UNDECLARED_SELECTOR = YES;
				GCC_WARN_UNINITIALIZED_AUTOS = YES_AGGRESSIVE;
				GCC_WARN_UNUSED_FUNCTION = YES;
				GCC_WARN_UNUSED_VARIABLE = YES;
				IPHONEOS_DEPLOYMENT_TARGET = 9.3;
				MTL_ENABLE_DEBUG_INFO = NO;
				SDKROOT = iphoneos;
				VALIDATE_PRODUCT = YES;
			};
			name = Release;
		};
		943473BB1D069D0700A6998C /* Debug */ = {
			isa = XCBuildConfiguration;
			buildSettings = {
				ASSETCATALOG_COMPILER_APPICON_NAME = AppIcon;
				INFOPLIST_FILE = iCamera/Info.plist;
				LD_RUNPATH_SEARCH_PATHS = "$(inherited) @executable_path/Frameworks";
				PRODUCT_BUNDLE_IDENTIFIER = DavidHdez.iCamera;
				PRODUCT_NAME = "$(TARGET_NAME)";
			};
			name = Debug;
		};
		943473BC1D069D0700A6998C /* Release */ = {
			isa = XCBuildConfiguration;
			buildSettings = {
				ASSETCATALOG_COMPILER_APPICON_NAME = AppIcon;
				INFOPLIST_FILE = iCamera/Info.plist;
				LD_RUNPATH_SEARCH_PATHS = "$(inherited) @executable_path/Frameworks";
				PRODUCT_BUNDLE_IDENTIFIER = DavidHdez.iCamera;
				PRODUCT_NAME = "$(TARGET_NAME)";
			};
			name = Release;
		};
/* End XCBuildConfiguration section */

/* Begin XCConfigurationList section */
		943473A31D069D0700A6998C /* Build configuration list for PBXProject "iCamera" */ = {
			isa = XCConfigurationList;
			buildConfigurations = (
				943473B81D069D0700A6998C /* Debug */,
				943473B91D069D0700A6998C /* Release */,
			);
			defaultConfigurationIsVisible = 0;
			defaultConfigurationName = Release;
		};
		943473BA1D069D0700A6998C /* Build configuration list for PBXNativeTarget "iCamera" */ = {
			isa = XCConfigurationList;
			buildConfigurations = (
				943473BB1D069D0700A6998C /* Debug */,
				943473BC1D069D0700A6998C /* Release */,
			);
			defaultConfigurationIsVisible = 0;
		};
/* End XCConfigurationList section */
	};
	rootObject = 943473A01D069D0700A6998C /* Project object */;
}
